// !$*UTF8*$!
{
	archiveVersion = 1;
	classes = {
	};
	objectVersion = 50;
	objects = {

/* Begin PBXBuildFile section */
		6A0F31BD22CBB63B00A315A4 /* AppDelegate.m in Sources */ = {isa = PBXBuildFile; fileRef = 6A0F31BC22CBB63B00A315A4 /* AppDelegate.m */; };
		6A0F31C322CBB63B00A315A4 /* Main.storyboard in Resources */ = {isa = PBXBuildFile; fileRef = 6A0F31C122CBB63B00A315A4 /* Main.storyboard */; };
		6A0F31C522CBB63C00A315A4 /* Assets.xcassets in Resources */ = {isa = PBXBuildFile; fileRef = 6A0F31C422CBB63C00A315A4 /* Assets.xcassets */; };
		6A0F31C822CBB63D00A315A4 /* LaunchScreen.storyboard in Resources */ = {isa = PBXBuildFile; fileRef = 6A0F31C622CBB63D00A315A4 /* LaunchScreen.storyboard */; };
		6A0F31CB22CBB63D00A315A4 /* main.m in Sources */ = {isa = PBXBuildFile; fileRef = 6A0F31CA22CBB63D00A315A4 /* main.m */; };
		6A0F31D422CBB7FA00A315A4 /* Pokemon.m in Sources */ = {isa = PBXBuildFile; fileRef = 6A0F31D322CBB7FA00A315A4 /* Pokemon.m */; };
		6A0F31D822CBD15700A315A4 /* DVMPokemonController.m in Sources */ = {isa = PBXBuildFile; fileRef = 6A0F31D722CBD15700A315A4 /* DVMPokemonController.m */; };
		6A0F31DC22CBD73900A315A4 /* PokemonViewController.swift in Sources */ = {isa = PBXBuildFile; fileRef = 6A0F31DB22CBD73900A315A4 /* PokemonViewController.swift */; };
/* End PBXBuildFile section */

/* Begin PBXFileReference section */
		6A0F31B822CBB63B00A315A4 /* PokedexObjC.app */ = {isa = PBXFileReference; explicitFileType = wrapper.application; includeInIndex = 0; path = PokedexObjC.app; sourceTree = BUILT_PRODUCTS_DIR; };
		6A0F31BB22CBB63B00A315A4 /* AppDelegate.h */ = {isa = PBXFileReference; lastKnownFileType = sourcecode.c.h; path = AppDelegate.h; sourceTree = "<group>"; };
		6A0F31BC22CBB63B00A315A4 /* AppDelegate.m */ = {isa = PBXFileReference; lastKnownFileType = sourcecode.c.objc; path = AppDelegate.m; sourceTree = "<group>"; };
		6A0F31C222CBB63B00A315A4 /* Base */ = {isa = PBXFileReference; lastKnownFileType = file.storyboard; name = Base; path = Base.lproj/Main.storyboard; sourceTree = "<group>"; };
		6A0F31C422CBB63C00A315A4 /* Assets.xcassets */ = {isa = PBXFileReference; lastKnownFileType = folder.assetcatalog; path = Assets.xcassets; sourceTree = "<group>"; };
		6A0F31C722CBB63D00A315A4 /* Base */ = {isa = PBXFileReference; lastKnownFileType = file.storyboard; name = Base; path = Base.lproj/LaunchScreen.storyboard; sourceTree = "<group>"; };
		6A0F31C922CBB63D00A315A4 /* Info.plist */ = {isa = PBXFileReference; lastKnownFileType = text.plist.xml; path = Info.plist; sourceTree = "<group>"; };
		6A0F31CA22CBB63D00A315A4 /* main.m */ = {isa = PBXFileReference; lastKnownFileType = sourcecode.c.objc; path = main.m; sourceTree = "<group>"; };
		6A0F31D222CBB7FA00A315A4 /* Pokemon.h */ = {isa = PBXFileReference; lastKnownFileType = sourcecode.c.h; path = Pokemon.h; sourceTree = "<group>"; };
		6A0F31D322CBB7FA00A315A4 /* Pokemon.m */ = {isa = PBXFileReference; lastKnownFileType = sourcecode.c.objc; path = Pokemon.m; sourceTree = "<group>"; };
		6A0F31D622CBD15700A315A4 /* DVMPokemonController.h */ = {isa = PBXFileReference; lastKnownFileType = sourcecode.c.h; path = DVMPokemonController.h; sourceTree = "<group>"; };
		6A0F31D722CBD15700A315A4 /* DVMPokemonController.m */ = {isa = PBXFileReference; lastKnownFileType = sourcecode.c.objc; path = DVMPokemonController.m; sourceTree = "<group>"; };
		6A0F31DA22CBD73900A315A4 /* PokedexObjC-Bridging-Header.h */ = {isa = PBXFileReference; lastKnownFileType = sourcecode.c.h; path = "PokedexObjC-Bridging-Header.h"; sourceTree = "<group>"; };
		6A0F31DB22CBD73900A315A4 /* PokemonViewController.swift */ = {isa = PBXFileReference; lastKnownFileType = sourcecode.swift; path = PokemonViewController.swift; sourceTree = "<group>"; };
/* End PBXFileReference section */

/* Begin PBXFrameworksBuildPhase section */
		6A0F31B522CBB63B00A315A4 /* Frameworks */ = {
			isa = PBXFrameworksBuildPhase;
			buildActionMask = 2147483647;
			files = (
			);
			runOnlyForDeploymentPostprocessing = 0;
		};
/* End PBXFrameworksBuildPhase section */

/* Begin PBXGroup section */
		6A0F31AF22CBB63B00A315A4 = {
			isa = PBXGroup;
			children = (
				6A0F31BA22CBB63B00A315A4 /* PokedexObjC */,
				6A0F31B922CBB63B00A315A4 /* Products */,
			);
			sourceTree = "<group>";
		};
		6A0F31B922CBB63B00A315A4 /* Products */ = {
			isa = PBXGroup;
			children = (
				6A0F31B822CBB63B00A315A4 /* PokedexObjC.app */,
			);
			name = Products;
			sourceTree = "<group>";
		};
		6A0F31BA22CBB63B00A315A4 /* PokedexObjC */ = {
			isa = PBXGroup;
			children = (
				6A0F31D122CBB6FB00A315A4 /* Resources */,
				6A0F31C122CBB63B00A315A4 /* Main.storyboard */,
				6A0F31D522CBB80300A315A4 /* Model */,
				6A0F31D922CBD28300A315A4 /* Model Controller */,
				6A0F31DD22CBE9E700A315A4 /* View Controller */,
			);
			path = PokedexObjC;
			sourceTree = "<group>";
		};
		6A0F31D122CBB6FB00A315A4 /* Resources */ = {
			isa = PBXGroup;
			children = (
				6A0F31BB22CBB63B00A315A4 /* AppDelegate.h */,
				6A0F31BC22CBB63B00A315A4 /* AppDelegate.m */,
				6A0F31C422CBB63C00A315A4 /* Assets.xcassets */,
				6A0F31C622CBB63D00A315A4 /* LaunchScreen.storyboard */,
				6A0F31C922CBB63D00A315A4 /* Info.plist */,
				6A0F31CA22CBB63D00A315A4 /* main.m */,
			);
			path = Resources;
			sourceTree = "<group>";
		};
		6A0F31D522CBB80300A315A4 /* Model */ = {
			isa = PBXGroup;
			children = (
				6A0F31D222CBB7FA00A315A4 /* Pokemon.h */,
				6A0F31D322CBB7FA00A315A4 /* Pokemon.m */,
			);
			path = Model;
			sourceTree = "<group>";
		};
		6A0F31D922CBD28300A315A4 /* Model Controller */ = {
			isa = PBXGroup;
			children = (
				6A0F31D622CBD15700A315A4 /* DVMPokemonController.h */,
				6A0F31D722CBD15700A315A4 /* DVMPokemonController.m */,
			);
			path = "Model Controller";
			sourceTree = "<group>";
		};
		6A0F31DD22CBE9E700A315A4 /* View Controller */ = {
			isa = PBXGroup;
			children = (
				6A0F31DB22CBD73900A315A4 /* PokemonViewController.swift */,
				6A0F31DA22CBD73900A315A4 /* PokedexObjC-Bridging-Header.h */,
			);
			path = "View Controller";
			sourceTree = "<group>";
		};
/* End PBXGroup section */

/* Begin PBXNativeTarget section */
		6A0F31B722CBB63B00A315A4 /* PokedexObjC */ = {
			isa = PBXNativeTarget;
			buildConfigurationList = 6A0F31CE22CBB63D00A315A4 /* Build configuration list for PBXNativeTarget "PokedexObjC" */;
			buildPhases = (
				6A0F31B422CBB63B00A315A4 /* Sources */,
				6A0F31B522CBB63B00A315A4 /* Frameworks */,
				6A0F31B622CBB63B00A315A4 /* Resources */,
			);
			buildRules = (
			);
			dependencies = (
			);
			name = PokedexObjC;
			productName = PokedexObjC;
			productReference = 6A0F31B822CBB63B00A315A4 /* PokedexObjC.app */;
			productType = "com.apple.product-type.application";
		};
/* End PBXNativeTarget section */

/* Begin PBXProject section */
		6A0F31B022CBB63B00A315A4 /* Project object */ = {
			isa = PBXProject;
			attributes = {
				LastUpgradeCheck = 1020;
				ORGANIZATIONNAME = "Julia Rodriguez";
				TargetAttributes = {
					6A0F31B722CBB63B00A315A4 = {
						CreatedOnToolsVersion = 10.2.1;
						LastSwiftMigration = 1020;
					};
				};
			};
			buildConfigurationList = 6A0F31B322CBB63B00A315A4 /* Build configuration list for PBXProject "PokedexObjC" */;
			compatibilityVersion = "Xcode 9.3";
			developmentRegion = en;
			hasScannedForEncodings = 0;
			knownRegions = (
				en,
				Base,
			);
			mainGroup = 6A0F31AF22CBB63B00A315A4;
			productRefGroup = 6A0F31B922CBB63B00A315A4 /* Products */;
			projectDirPath = "";
			projectRoot = "";
			targets = (
				6A0F31B722CBB63B00A315A4 /* PokedexObjC */,
			);
		};
/* End PBXProject section */

/* Begin PBXResourcesBuildPhase section */
		6A0F31B622CBB63B00A315A4 /* Resources */ = {
			isa = PBXResourcesBuildPhase;
			buildActionMask = 2147483647;
			files = (
				6A0F31C822CBB63D00A315A4 /* LaunchScreen.storyboard in Resources */,
				6A0F31C522CBB63C00A315A4 /* Assets.xcassets in Resources */,
				6A0F31C322CBB63B00A315A4 /* Main.storyboard in Resources */,
			);
			runOnlyForDeploymentPostprocessing = 0;
		};
/* End PBXResourcesBuildPhase section */

/* Begin PBXSourcesBuildPhase section */
		6A0F31B422CBB63B00A315A4 /* Sources */ = {
			isa = PBXSourcesBuildPhase;
			buildActionMask = 2147483647;
			files = (
				6A0F31D422CBB7FA00A315A4 /* Pokemon.m in Sources */,
				6A0F31DC22CBD73900A315A4 /* PokemonViewController.swift in Sources */,
				6A0F31D822CBD15700A315A4 /* DVMPokemonController.m in Sources */,
				6A0F31CB22CBB63D00A315A4 /* main.m in Sources */,
				6A0F31BD22CBB63B00A315A4 /* AppDelegate.m in Sources */,
			);
			runOnlyForDeploymentPostprocessing = 0;
		};
/* End PBXSourcesBuildPhase section */

/* Begin PBXVariantGroup section */
		6A0F31C122CBB63B00A315A4 /* Main.storyboard */ = {
			isa = PBXVariantGroup;
			children = (
				6A0F31C222CBB63B00A315A4 /* Base */,
			);
			name = Main.storyboard;
			sourceTree = "<group>";
		};
		6A0F31C622CBB63D00A315A4 /* LaunchScreen.storyboard */ = {
			isa = PBXVariantGroup;
			children = (
				6A0F31C722CBB63D00A315A4 /* Base */,
			);
			name = LaunchScreen.storyboard;
			sourceTree = "<group>";
		};
/* End PBXVariantGroup section */

/* Begin XCBuildConfiguration section */
		6A0F31CC22CBB63D00A315A4 /* Debug */ = {
			isa = XCBuildConfiguration;
			buildSettings = {
				ALWAYS_SEARCH_USER_PATHS = NO;
				CLANG_ANALYZER_NONNULL = YES;
				CLANG_ANALYZER_NUMBER_OBJECT_CONVERSION = YES_AGGRESSIVE;
				CLANG_CXX_LANGUAGE_STANDARD = "gnu++14";
				CLANG_CXX_LIBRARY = "libc++";
				CLANG_ENABLE_MODULES = YES;
				CLANG_ENABLE_OBJC_ARC = YES;
				CLANG_ENABLE_OBJC_WEAK = YES;
				CLANG_WARN_BLOCK_CAPTURE_AUTORELEASING = YES;
				CLANG_WARN_BOOL_CONVERSION = YES;
				CLANG_WARN_COMMA = YES;
				CLANG_WARN_CONSTANT_CONVERSION = YES;
				CLANG_WARN_DEPRECATED_OBJC_IMPLEMENTATIONS = YES;
				CLANG_WARN_DIRECT_OBJC_ISA_USAGE = YES_ERROR;
				CLANG_WARN_DOCUMENTATION_COMMENTS = YES;
				CLANG_WARN_EMPTY_BODY = YES;
				CLANG_WARN_ENUM_CONVERSION = YES;
				CLANG_WARN_INFINITE_RECURSION = YES;
				CLANG_WARN_INT_CONVERSION = YES;
				CLANG_WARN_NON_LITERAL_NULL_CONVERSION = YES;
				CLANG_WARN_OBJC_IMPLICIT_RETAIN_SELF = YES;
				CLANG_WARN_OBJC_LITERAL_CONVERSION = YES;
				CLANG_WARN_OBJC_ROOT_CLASS = YES_ERROR;
				CLANG_WARN_RANGE_LOOP_ANALYSIS = YES;
				CLANG_WARN_STRICT_PROTOTYPES = YES;
				CLANG_WARN_SUSPICIOUS_MOVE = YES;
				CLANG_WARN_UNGUARDED_AVAILABILITY = YES_AGGRESSIVE;
				CLANG_WARN_UNREACHABLE_CODE = YES;
				CLANG_WARN__DUPLICATE_METHOD_MATCH = YES;
				CODE_SIGN_IDENTITY = "iPhone Developer";
				COPY_PHASE_STRIP = NO;
				DEBUG_INFORMATION_FORMAT = dwarf;
				ENABLE_STRICT_OBJC_MSGSEND = YES;
				ENABLE_TESTABILITY = YES;
				GCC_C_LANGUAGE_STANDARD = gnu11;
				GCC_DYNAMIC_NO_PIC = NO;
				GCC_NO_COMMON_BLOCKS = YES;
				GCC_OPTIMIZATION_LEVEL = 0;
				GCC_PREPROCESSOR_DEFINITIONS = (
					"DEBUG=1",
					"$(inherited)",
				);
				GCC_WARN_64_TO_32_BIT_CONVERSION = YES;
				GCC_WARN_ABOUT_RETURN_TYPE = YES_ERROR;
				GCC_WARN_UNDECLARED_SELECTOR = YES;
				GCC_WARN_UNINITIALIZED_AUTOS = YES_AGGRESSIVE;
				GCC_WARN_UNUSED_FUNCTION = YES;
				GCC_WARN_UNUSED_VARIABLE = YES;
				IPHONEOS_DEPLOYMENT_TARGET = 12.2;
				MTL_ENABLE_DEBUG_INFO = INCLUDE_SOURCE;
				MTL_FAST_MATH = YES;
				ONLY_ACTIVE_ARCH = YES;
				SDKROOT = iphoneos;
			};
			name = Debug;
		};
		6A0F31CD22CBB63D00A315A4 /* Release */ = {
			isa = XCBuildConfiguration;
			buildSettings = {
				ALWAYS_SEARCH_USER_PATHS = NO;
				CLANG_ANALYZER_NONNULL = YES;
				CLANG_ANALYZER_NUMBER_OBJECT_CONVERSION = YES_AGGRESSIVE;
				CLANG_CXX_LANGUAGE_STANDARD = "gnu++14";
				CLANG_CXX_LIBRARY = "libc++";
				CLANG_ENABLE_MODULES = YES;
				CLANG_ENABLE_OBJC_ARC = YES;
				CLANG_ENABLE_OBJC_WEAK = YES;
				CLANG_WARN_BLOCK_CAPTURE_AUTORELEASING = YES;
				CLANG_WARN_BOOL_CONVERSION = YES;
				CLANG_WARN_COMMA = YES;
				CLANG_WARN_CONSTANT_CONVERSION = YES;
				CLANG_WARN_DEPRECATED_OBJC_IMPLEMENTATIONS = YES;
				CLANG_WARN_DIRECT_OBJC_ISA_USAGE = YES_ERROR;
				CLANG_WARN_DOCUMENTATION_COMMENTS = YES;
				CLANG_WARN_EMPTY_BODY = YES;
				CLANG_WARN_ENUM_CONVERSION = YES;
				CLANG_WARN_INFINITE_RECURSION = YES;
				CLANG_WARN_INT_CONVERSION = YES;
				CLANG_WARN_NON_LITERAL_NULL_CONVERSION = YES;
				CLANG_WARN_OBJC_IMPLICIT_RETAIN_SELF = YES;
				CLANG_WARN_OBJC_LITERAL_CONVERSION = YES;
				CLANG_WARN_OBJC_ROOT_CLASS = YES_ERROR;
				CLANG_WARN_RANGE_LOOP_ANALYSIS = YES;
				CLANG_WARN_STRICT_PROTOTYPES = YES;
				CLANG_WARN_SUSPICIOUS_MOVE = YES;
				CLANG_WARN_UNGUARDED_AVAILABILITY = YES_AGGRESSIVE;
				CLANG_WARN_UNREACHABLE_CODE = YES;
				CLANG_WARN__DUPLICATE_METHOD_MATCH = YES;
				CODE_SIGN_IDENTITY = "iPhone Developer";
				COPY_PHASE_STRIP = NO;
				DEBUG_INFORMATION_FORMAT = "dwarf-with-dsym";
				ENABLE_NS_ASSERTIONS = NO;
				ENABLE_STRICT_OBJC_MSGSEND = YES;
				GCC_C_LANGUAGE_STANDARD = gnu11;
				GCC_NO_COMMON_BLOCKS = YES;
				GCC_WARN_64_TO_32_BIT_CONVERSION = YES;
				GCC_WARN_ABOUT_RETURN_TYPE = YES_ERROR;
				GCC_WARN_UNDECLARED_SELECTOR = YES;
				GCC_WARN_UNINITIALIZED_AUTOS = YES_AGGRESSIVE;
				GCC_WARN_UNUSED_FUNCTION = YES;
				GCC_WARN_UNUSED_VARIABLE = YES;
				IPHONEOS_DEPLOYMENT_TARGET = 12.2;
				MTL_ENABLE_DEBUG_INFO = NO;
				MTL_FAST_MATH = YES;
				SDKROOT = iphoneos;
				VALIDATE_PRODUCT = YES;
			};
			name = Release;
		};
		6A0F31CF22CBB63D00A315A4 /* Debug */ = {
			isa = XCBuildConfiguration;
			buildSettings = {
				ASSETCATALOG_COMPILER_APPICON_NAME = AppIcon;
				CLANG_ENABLE_MODULES = YES;
				CODE_SIGN_STYLE = Automatic;
				DEVELOPMENT_TEAM = 899TSM5Z6B;
				INFOPLIST_FILE = "$(SRCROOT)/PokedexObjC/Resources/Info.plist";
				LD_RUNPATH_SEARCH_PATHS = (
					"$(inherited)",
					"@executable_path/Frameworks",
				);
				PRODUCT_BUNDLE_IDENTIFIER = com.PokedexObjC.PokedexObjC;
				PRODUCT_NAME = "$(TARGET_NAME)";
				SWIFT_OBJC_BRIDGING_HEADER = "PokedexObjC/PokedexObjC-Bridging-Header.h";
				SWIFT_OPTIMIZATION_LEVEL = "-Onone";
				SWIFT_VERSION = 5.0;
				TARGETED_DEVICE_FAMILY = "1,2";
			};
			name = Debug;
		};
		6A0F31D022CBB63D00A315A4 /* Release */ = {
			isa = XCBuildConfiguration;
			buildSettings = {
				ASSETCATALOG_COMPILER_APPICON_NAME = AppIcon;
				CLANG_ENABLE_MODULES = YES;
				CODE_SIGN_STYLE = Automatic;
				DEVELOPMENT_TEAM = 899TSM5Z6B;
				INFOPLIST_FILE = "$(SRCROOT)/PokedexObjC/Resources/Info.plist";
				LD_RUNPATH_SEARCH_PATHS = (
					"$(inherited)",
					"@executable_path/Frameworks",
				);
				PRODUCT_BUNDLE_IDENTIFIER = com.PokedexObjC.PokedexObjC;
				PRODUCT_NAME = "$(TARGET_NAME)";
				SWIFT_OBJC_BRIDGING_HEADER = "PokedexObjC/PokedexObjC-Bridging-Header.h";
				SWIFT_VERSION = 5.0;
				TARGETED_DEVICE_FAMILY = "1,2";
			};
			name = Release;
		};
/* End XCBuildConfiguration section */

/* Begin XCConfigurationList section */
		6A0F31B322CBB63B00A315A4 /* Build configuration list for PBXProject "PokedexObjC" */ = {
			isa = XCConfigurationList;
			buildConfigurations = (
				6A0F31CC22CBB63D00A315A4 /* Debug */,
				6A0F31CD22CBB63D00A315A4 /* Release */,
			);
			defaultConfigurationIsVisible = 0;
			defaultConfigurationName = Release;
		};
		6A0F31CE22CBB63D00A315A4 /* Build configuration list for PBXNativeTarget "PokedexObjC" */ = {
			isa = XCConfigurationList;
			buildConfigurations = (
				6A0F31CF22CBB63D00A315A4 /* Debug */,
				6A0F31D022CBB63D00A315A4 /* Release */,
			);
			defaultConfigurationIsVisible = 0;
			defaultConfigurationName = Release;
		};
/* End XCConfigurationList section */
	};
	rootObject = 6A0F31B022CBB63B00A315A4 /* Project object */;
}
